
Microsoft Visual Studio Solution File, Format Version 12.00
# Visual Studio 15
VisualStudioVersion = 15.0.27703.2018
MinimumVisualStudioVersion = 10.0.40219.1
Project("{888888A0-9F3D-457C-B088-3A5042F75D52}") = "rate", "rate\rate.pyproj", "{08A3A404-4304-4CCE-870C-CBFF69D8CE33}"
EndProject
Global
	GlobalSection(SolutionConfigurationPlatforms) = preSolution
		Debug|Any CPU = Debug|Any CPU
		Release|Any CPU = Release|Any CPU
	EndGlobalSection
	GlobalSection(ProjectConfigurationPlatforms) = postSolution
		{08A3A404-4304-4CCE-870C-CBFF69D8CE33}.Debug|Any CPU.ActiveCfg = Debug|Any CPU
		{08A3A404-4304-4CCE-870C-CBFF69D8CE33}.Debug|Any CPU.Build.0 = Debug|Any CPU
		{08A3A404-4304-4CCE-870C-CBFF69D8CE33}.Release|Any CPU.ActiveCfg = Release|Any CPU
		{08A3A404-4304-4CCE-870C-CBFF69D8CE33}.Release|Any CPU.Build.0 = Release|Any CPU
	EndGlobalSection
	GlobalSection(SolutionProperties) = preSolution
		HideSolutionNode = FALSE
	EndGlobalSection
	GlobalSection(ExtensibilityGlobals) = postSolution
		SolutionGuid = {6AC2B502-FC4A-47A0-A85D-BB5B0A3B1465}
	EndGlobalSection
EndGlobal
